
Microsoft Visual Studio Solution File, Format Version 12.00
# Visual Studio 15
VisualStudioVersion = 15.0.26730.10
MinimumVisualStudioVersion = 10.0.40219.1
Project("{9A19103F-16F7-4668-BE54-9A1E7A4F7556}") = "UnitTests", "test\UnitTests\UnitTests.csproj", "{F86946D5-F1BC-4E55-AB74-072007141072}"
EndProject
Project("{FAE04EC0-301F-11D3-BF4B-00C04F79EFBC}") = "UnitTests.Fx", "test\UnitTests.Fx\UnitTests.Fx.csproj", "{461AF5EC-0639-41A1-884C-E8FFF452CFD4}"
EndProject
Project("{9A19103F-16F7-4668-BE54-9A1E7A4F7556}") = "Unearth.Grpc", "src\Unearth.Grpc\Unearth.Grpc.csproj", "{9D36CC67-2CC6-4A82-9A8E-01421A82536E}"
EndProject
Project("{FAE04EC0-301F-11D3-BF4B-00C04F79EFBC}") = "Unearth.Grpc.Fx", "src\Unearth.Grpc.Fx\Unearth.Grpc.Fx.csproj", "{5EC07026-9154-46D8-A401-213C29EB78F6}"
EndProject
Project("{E24C65DC-7377-472B-9ABA-BC803B73C61A}") = "docs", "docs\", "{92CBE080-9CD9-42A2-92BC-FC6209987F2C}"
	ProjectSection(WebsiteProperties) = preProject
		TargetFrameworkMoniker = ".NETFramework,Version%3Dv4.0"
		Debug.AspNetCompiler.VirtualPath = "/localhost_62222"
		Debug.AspNetCompiler.PhysicalPath = "docs\"
		Debug.AspNetCompiler.TargetPath = "PrecompiledWeb\localhost_62222\"
		Debug.AspNetCompiler.Updateable = "true"
		Debug.AspNetCompiler.ForceOverwrite = "true"
		Debug.AspNetCompiler.FixedNames = "false"
		Debug.AspNetCompiler.Debug = "True"
		Release.AspNetCompiler.VirtualPath = "/localhost_62222"
		Release.AspNetCompiler.PhysicalPath = "docs\"
		Release.AspNetCompiler.TargetPath = "PrecompiledWeb\localhost_62222\"
		Release.AspNetCompiler.Updateable = "true"
		Release.AspNetCompiler.ForceOverwrite = "true"
		Release.AspNetCompiler.FixedNames = "false"
		Release.AspNetCompiler.Debug = "False"
		VWDPort = "62222"
		SlnRelativePath = "docs\"
	EndProjectSection
EndProject
Project("{FAE04EC0-301F-11D3-BF4B-00C04F79EFBC}") = "TestApp.Fx", "test\TestApp.Fx\TestApp.Fx.csproj", "{D5814A19-9B75-4F1C-B1E6-5576ADC1036E}"
EndProject
Project("{9A19103F-16F7-4668-BE54-9A1E7A4F7556}") = "Unearth.Core", "src\Unearth.Core\Unearth.Core.csproj", "{0FCD2EA0-FF60-4761-BB0E-BB0B4028E564}"
EndProject
Project("{FAE04EC0-301F-11D3-BF4B-00C04F79EFBC}") = "Unearth.Core.Fx", "src\Unearth.Core.Fx\Unearth.Core.Fx.csproj", "{2F769958-8093-4D86-9614-885AE1DBDD59}"
EndProject
Project("{9A19103F-16F7-4668-BE54-9A1E7A4F7556}") = "Unearth.Common", "src\Unearth.Common\Unearth.Common.csproj", "{11206686-EC90-4194-AC32-FB1E4163578E}"
EndProject
Project("{FAE04EC0-301F-11D3-BF4B-00C04F79EFBC}") = "Unearth.Common.Fx", "src\Unearth.Common.Fx\Unearth.Common.Fx.csproj", "{2F769958-8093-4D86-9614-885AE1DBDD58}"
EndProject
Global
	GlobalSection(SolutionConfigurationPlatforms) = preSolution
		Debug|Any CPU = Debug|Any CPU
		Release|Any CPU = Release|Any CPU
	EndGlobalSection
	GlobalSection(ProjectConfigurationPlatforms) = postSolution
		{F86946D5-F1BC-4E55-AB74-072007141072}.Debug|Any CPU.ActiveCfg = Debug|Any CPU
		{F86946D5-F1BC-4E55-AB74-072007141072}.Debug|Any CPU.Build.0 = Debug|Any CPU
		{F86946D5-F1BC-4E55-AB74-072007141072}.Release|Any CPU.ActiveCfg = Release|Any CPU
		{F86946D5-F1BC-4E55-AB74-072007141072}.Release|Any CPU.Build.0 = Release|Any CPU
		{461AF5EC-0639-41A1-884C-E8FFF452CFD4}.Debug|Any CPU.ActiveCfg = Debug|Any CPU
		{461AF5EC-0639-41A1-884C-E8FFF452CFD4}.Debug|Any CPU.Build.0 = Debug|Any CPU
		{461AF5EC-0639-41A1-884C-E8FFF452CFD4}.Release|Any CPU.ActiveCfg = Release|Any CPU
		{461AF5EC-0639-41A1-884C-E8FFF452CFD4}.Release|Any CPU.Build.0 = Release|Any CPU
		{9D36CC67-2CC6-4A82-9A8E-01421A82536E}.Debug|Any CPU.ActiveCfg = Debug|Any CPU
		{9D36CC67-2CC6-4A82-9A8E-01421A82536E}.Debug|Any CPU.Build.0 = Debug|Any CPU
		{9D36CC67-2CC6-4A82-9A8E-01421A82536E}.Release|Any CPU.ActiveCfg = Release|Any CPU
		{9D36CC67-2CC6-4A82-9A8E-01421A82536E}.Release|Any CPU.Build.0 = Release|Any CPU
		{5EC07026-9154-46D8-A401-213C29EB78F6}.Debug|Any CPU.ActiveCfg = Debug|Any CPU
		{5EC07026-9154-46D8-A401-213C29EB78F6}.Debug|Any CPU.Build.0 = Debug|Any CPU
		{5EC07026-9154-46D8-A401-213C29EB78F6}.Release|Any CPU.ActiveCfg = Release|Any CPU
		{5EC07026-9154-46D8-A401-213C29EB78F6}.Release|Any CPU.Build.0 = Release|Any CPU
		{92CBE080-9CD9-42A2-92BC-FC6209987F2C}.Debug|Any CPU.ActiveCfg = Debug|Any CPU
		{92CBE080-9CD9-42A2-92BC-FC6209987F2C}.Debug|Any CPU.Build.0 = Debug|Any CPU
		{92CBE080-9CD9-42A2-92BC-FC6209987F2C}.Release|Any CPU.ActiveCfg = Debug|Any CPU
		{92CBE080-9CD9-42A2-92BC-FC6209987F2C}.Release|Any CPU.Build.0 = Debug|Any CPU
		{D5814A19-9B75-4F1C-B1E6-5576ADC1036E}.Debug|Any CPU.ActiveCfg = Debug|Any CPU
		{D5814A19-9B75-4F1C-B1E6-5576ADC1036E}.Debug|Any CPU.Build.0 = Debug|Any CPU
		{D5814A19-9B75-4F1C-B1E6-5576ADC1036E}.Release|Any CPU.ActiveCfg = Release|Any CPU
		{D5814A19-9B75-4F1C-B1E6-5576ADC1036E}.Release|Any CPU.Build.0 = Release|Any CPU
		{0FCD2EA0-FF60-4761-BB0E-BB0B4028E564}.Debug|Any CPU.ActiveCfg = Debug|Any CPU
		{0FCD2EA0-FF60-4761-BB0E-BB0B4028E564}.Debug|Any CPU.Build.0 = Debug|Any CPU
		{0FCD2EA0-FF60-4761-BB0E-BB0B4028E564}.Release|Any CPU.ActiveCfg = Release|Any CPU
		{0FCD2EA0-FF60-4761-BB0E-BB0B4028E564}.Release|Any CPU.Build.0 = Release|Any CPU
		{2F769958-8093-4D86-9614-885AE1DBDD59}.Debug|Any CPU.ActiveCfg = Debug|Any CPU
		{2F769958-8093-4D86-9614-885AE1DBDD59}.Debug|Any CPU.Build.0 = Debug|Any CPU
		{2F769958-8093-4D86-9614-885AE1DBDD59}.Release|Any CPU.ActiveCfg = Release|Any CPU
		{2F769958-8093-4D86-9614-885AE1DBDD59}.Release|Any CPU.Build.0 = Release|Any CPU
		{11206686-EC90-4194-AC32-FB1E4163578E}.Debug|Any CPU.ActiveCfg = Debug|Any CPU
		{11206686-EC90-4194-AC32-FB1E4163578E}.Debug|Any CPU.Build.0 = Debug|Any CPU
		{11206686-EC90-4194-AC32-FB1E4163578E}.Release|Any CPU.ActiveCfg = Release|Any CPU
		{11206686-EC90-4194-AC32-FB1E4163578E}.Release|Any CPU.Build.0 = Release|Any CPU
		{2F769958-8093-4D86-9614-885AE1DBDD58}.Debug|Any CPU.ActiveCfg = Debug|Any CPU
		{2F769958-8093-4D86-9614-885AE1DBDD58}.Debug|Any CPU.Build.0 = Debug|Any CPU
		{2F769958-8093-4D86-9614-885AE1DBDD58}.Release|Any CPU.ActiveCfg = Release|Any CPU
		{2F769958-8093-4D86-9614-885AE1DBDD58}.Release|Any CPU.Build.0 = Release|Any CPU
	EndGlobalSection
	GlobalSection(SolutionProperties) = preSolution
		HideSolutionNode = FALSE
	EndGlobalSection
	GlobalSection(ExtensibilityGlobals) = postSolution
		SolutionGuid = {B5F83801-DB3A-4964-A2F7-B3EF137300C8}
	EndGlobalSection
EndGlobal
