
Microsoft Visual Studio Solution File, Format Version 12.00
# Visual Studio Version 17
VisualStudioVersion = 17.0.32126.317
MinimumVisualStudioVersion = 10.0.40219.1
Project("{9A19103F-16F7-4668-BE54-9A1E7A4F7556}") = "UnitTests", "test\UnitTests\UnitTests.csproj", "{F86946D5-F1BC-4E55-AB74-072007141072}"
EndProject
Project("{9A19103F-16F7-4668-BE54-9A1E7A4F7556}") = "Unearth.Grpc", "src\Unearth.Grpc\Unearth.Grpc.csproj", "{9D36CC67-2CC6-4A82-9A8E-01421A82536E}"
EndProject
Project("{E24C65DC-7377-472B-9ABA-BC803B73C61A}") = "docs", "docs\", "{92CBE080-9CD9-42A2-92BC-FC6209987F2C}"
	ProjectSection(WebsiteProperties) = preProject
		TargetFrameworkMoniker = ".NETFramework,Version%3Dv4.5"
		Debug.AspNetCompiler.VirtualPath = "/localhost_62222"
		Debug.AspNetCompiler.PhysicalPath = "docs\"
		Debug.AspNetCompiler.TargetPath = "PrecompiledWeb\localhost_62222\"
		Debug.AspNetCompiler.Updateable = "true"
		Debug.AspNetCompiler.ForceOverwrite = "true"
		Debug.AspNetCompiler.FixedNames = "false"
		Debug.AspNetCompiler.Debug = "True"
		Release.AspNetCompiler.VirtualPath = "/localhost_62222"
		Release.AspNetCompiler.PhysicalPath = "docs\"
		Release.AspNetCompiler.TargetPath = "PrecompiledWeb\localhost_62222\"
		Release.AspNetCompiler.Updateable = "true"
		Release.AspNetCompiler.ForceOverwrite = "true"
		Release.AspNetCompiler.FixedNames = "false"
		Release.AspNetCompiler.Debug = "False"
		VWDPort = "62222"
		SlnRelativePath = "docs\"
	EndProjectSection
EndProject
Project("{FAE04EC0-301F-11D3-BF4B-00C04F79EFBC}") = "TestApp.Fx", "test\TestApp.Fx\TestApp.Fx.csproj", "{D5814A19-9B75-4F1C-B1E6-5576ADC1036E}"
EndProject
Project("{9A19103F-16F7-4668-BE54-9A1E7A4F7556}") = "Unearth.Core", "src\Unearth.Core\Unearth.Core.csproj", "{0FCD2EA0-FF60-4761-BB0E-BB0B4028E564}"
EndProject
Project("{9A19103F-16F7-4668-BE54-9A1E7A4F7556}") = "Unearth.Common", "src\Unearth.Common\Unearth.Common.csproj", "{11206686-EC90-4194-AC32-FB1E4163578E}"
EndProject
Project("{FAE04EC0-301F-11D3-BF4B-00C04F79EFBC}") = "TestWeb.Fx", "test\TestWeb.Fx\TestWeb.Fx.csproj", "{83A8DC4C-C9E4-4C30-93D5-5029DA266A7D}"
EndProject
Project("{9A19103F-16F7-4668-BE54-9A1E7A4F7556}") = "Unearth.Kafka", "src\Unearth.Kafka\Unearth.Kafka.csproj", "{0C2F3AAE-D654-4E5A-8F26-D832D1CABE22}"
EndProject
Project("{9A19103F-16F7-4668-BE54-9A1E7A4F7556}") = "Unearth.Redis", "src\Unearth.Redis\Unearth.Redis.csproj", "{72F1C08F-C34B-4EE1-8CE0-009872700D23}"
EndProject
Project("{FAE04EC0-301F-11D3-BF4B-00C04F79EFBC}") = "UnitTests.Fx", "test\UnitTests.Fx\UnitTests.Fx.csproj", "{461AF5EC-0639-41A1-884C-E8FFF452CFD4}"
EndProject
Global
	GlobalSection(SolutionConfigurationPlatforms) = preSolution
		Debug|Any CPU = Debug|Any CPU
		Release|Any CPU = Release|Any CPU
	EndGlobalSection
	GlobalSection(ProjectConfigurationPlatforms) = postSolution
		{F86946D5-F1BC-4E55-AB74-072007141072}.Debug|Any CPU.ActiveCfg = Debug|Any CPU
		{F86946D5-F1BC-4E55-AB74-072007141072}.Debug|Any CPU.Build.0 = Debug|Any CPU
		{F86946D5-F1BC-4E55-AB74-072007141072}.Release|Any CPU.ActiveCfg = Release|Any CPU
		{F86946D5-F1BC-4E55-AB74-072007141072}.Release|Any CPU.Build.0 = Release|Any CPU
		{9D36CC67-2CC6-4A82-9A8E-01421A82536E}.Debug|Any CPU.ActiveCfg = Debug|Any CPU
		{9D36CC67-2CC6-4A82-9A8E-01421A82536E}.Debug|Any CPU.Build.0 = Debug|Any CPU
		{9D36CC67-2CC6-4A82-9A8E-01421A82536E}.Release|Any CPU.ActiveCfg = Release|Any CPU
		{9D36CC67-2CC6-4A82-9A8E-01421A82536E}.Release|Any CPU.Build.0 = Release|Any CPU
		{92CBE080-9CD9-42A2-92BC-FC6209987F2C}.Debug|Any CPU.ActiveCfg = Debug|Any CPU
		{92CBE080-9CD9-42A2-92BC-FC6209987F2C}.Debug|Any CPU.Build.0 = Debug|Any CPU
		{92CBE080-9CD9-42A2-92BC-FC6209987F2C}.Release|Any CPU.ActiveCfg = Debug|Any CPU
		{92CBE080-9CD9-42A2-92BC-FC6209987F2C}.Release|Any CPU.Build.0 = Debug|Any CPU
		{D5814A19-9B75-4F1C-B1E6-5576ADC1036E}.Debug|Any CPU.ActiveCfg = Debug|Any CPU
		{D5814A19-9B75-4F1C-B1E6-5576ADC1036E}.Debug|Any CPU.Build.0 = Debug|Any CPU
		{D5814A19-9B75-4F1C-B1E6-5576ADC1036E}.Release|Any CPU.ActiveCfg = Release|Any CPU
		{D5814A19-9B75-4F1C-B1E6-5576ADC1036E}.Release|Any CPU.Build.0 = Release|Any CPU
		{0FCD2EA0-FF60-4761-BB0E-BB0B4028E564}.Debug|Any CPU.ActiveCfg = Debug|Any CPU
		{0FCD2EA0-FF60-4761-BB0E-BB0B4028E564}.Debug|Any CPU.Build.0 = Debug|Any CPU
		{0FCD2EA0-FF60-4761-BB0E-BB0B4028E564}.Release|Any CPU.ActiveCfg = Release|Any CPU
		{0FCD2EA0-FF60-4761-BB0E-BB0B4028E564}.Release|Any CPU.Build.0 = Release|Any CPU
		{11206686-EC90-4194-AC32-FB1E4163578E}.Debug|Any CPU.ActiveCfg = Debug|Any CPU
		{11206686-EC90-4194-AC32-FB1E4163578E}.Debug|Any CPU.Build.0 = Debug|Any CPU
		{11206686-EC90-4194-AC32-FB1E4163578E}.Release|Any CPU.ActiveCfg = Release|Any CPU
		{11206686-EC90-4194-AC32-FB1E4163578E}.Release|Any CPU.Build.0 = Release|Any CPU
		{83A8DC4C-C9E4-4C30-93D5-5029DA266A7D}.Debug|Any CPU.ActiveCfg = Debug|Any CPU
		{83A8DC4C-C9E4-4C30-93D5-5029DA266A7D}.Debug|Any CPU.Build.0 = Debug|Any CPU
		{83A8DC4C-C9E4-4C30-93D5-5029DA266A7D}.Release|Any CPU.ActiveCfg = Release|Any CPU
		{83A8DC4C-C9E4-4C30-93D5-5029DA266A7D}.Release|Any CPU.Build.0 = Release|Any CPU
		{0C2F3AAE-D654-4E5A-8F26-D832D1CABE22}.Debug|Any CPU.ActiveCfg = Debug|Any CPU
		{0C2F3AAE-D654-4E5A-8F26-D832D1CABE22}.Debug|Any CPU.Build.0 = Debug|Any CPU
		{0C2F3AAE-D654-4E5A-8F26-D832D1CABE22}.Release|Any CPU.ActiveCfg = Release|Any CPU
		{0C2F3AAE-D654-4E5A-8F26-D832D1CABE22}.Release|Any CPU.Build.0 = Release|Any CPU
		{72F1C08F-C34B-4EE1-8CE0-009872700D23}.Debug|Any CPU.ActiveCfg = Debug|Any CPU
		{72F1C08F-C34B-4EE1-8CE0-009872700D23}.Debug|Any CPU.Build.0 = Debug|Any CPU
		{72F1C08F-C34B-4EE1-8CE0-009872700D23}.Release|Any CPU.ActiveCfg = Release|Any CPU
		{72F1C08F-C34B-4EE1-8CE0-009872700D23}.Release|Any CPU.Build.0 = Release|Any CPU
		{461AF5EC-0639-41A1-884C-E8FFF452CFD4}.Debug|Any CPU.ActiveCfg = Debug|Any CPU
		{461AF5EC-0639-41A1-884C-E8FFF452CFD4}.Debug|Any CPU.Build.0 = Debug|Any CPU
		{461AF5EC-0639-41A1-884C-E8FFF452CFD4}.Release|Any CPU.ActiveCfg = Release|Any CPU
		{461AF5EC-0639-41A1-884C-E8FFF452CFD4}.Release|Any CPU.Build.0 = Release|Any CPU
	EndGlobalSection
	GlobalSection(SolutionProperties) = preSolution
		HideSolutionNode = FALSE
	EndGlobalSection
	GlobalSection(ExtensibilityGlobals) = postSolution
		SolutionGuid = {B5F83801-DB3A-4964-A2F7-B3EF137300C8}
	EndGlobalSection
EndGlobal
